
Microsoft Visual Studio Solution File, Format Version 12.00
# Visual Studio Version 17
VisualStudioVersion = 17.9.34607.119
MinimumVisualStudioVersion = 10.0.40219.1
Project("{FAE04EC0-301F-11D3-BF4B-00C04F79EFBC}") = "MSSQLtoMySQL", "MSSQLtoMySQL\MSSQLtoMySQL.csproj", "{37F176F3-4B85-461D-8AAE-34A53E3086DD}"
EndProject
Global
	GlobalSection(SolutionConfigurationPlatforms) = preSolution
		Debug|Any CPU = Debug|Any CPU
		Release|Any CPU = Release|Any CPU
	EndGlobalSection
	GlobalSection(ProjectConfigurationPlatforms) = postSolution
		{37F176F3-4B85-461D-8AAE-34A53E3086DD}.Debug|Any CPU.ActiveCfg = Debug|Any CPU
		{37F176F3-4B85-461D-8AAE-34A53E3086DD}.Debug|Any CPU.Build.0 = Debug|Any CPU
		{37F176F3-4B85-461D-8AAE-34A53E3086DD}.Release|Any CPU.ActiveCfg = Release|Any CPU
		{37F176F3-4B85-461D-8AAE-34A53E3086DD}.Release|Any CPU.Build.0 = Release|Any CPU
	EndGlobalSection
	GlobalSection(SolutionProperties) = preSolution
		HideSolutionNode = FALSE
	EndGlobalSection
	GlobalSection(ExtensibilityGlobals) = postSolution
		SolutionGuid = {216728E7-C1EB-4177-8059-69C36FE9B532}
	EndGlobalSection
EndGlobal
